
Microsoft Visual Studio Solution File, Format Version 12.00
# Visual Studio Version 17
VisualStudioVersion = 17.13.35825.156
MinimumVisualStudioVersion = 10.0.40219.1
Project("{FAE04EC0-301F-11D3-BF4B-00C04F79EFBC}") = "SinemaApp.WebUI", "SinemaApp\SinemaApp.WebUI.csproj", "{4EE5E2FC-F817-488F-BD1A-C133BE84660E}"
EndProject
Project("{FAE04EC0-301F-11D3-BF4B-00C04F79EFBC}") = "SinemaApp.Entities", "Entities\SinemaApp.Entities.csproj", "{7D7DB8FE-2FA3-40DE-BDBE-C2CF8FFCE048}"
EndProject
Project("{FAE04EC0-301F-11D3-BF4B-00C04F79EFBC}") = "SinemaApp.API", "SinemaApp.API\SinemaApp.API.csproj", "{0F470669-8A4B-4675-A275-241265D61F84}"
EndProject
Project("{FAE04EC0-301F-11D3-BF4B-00C04F79EFBC}") = "SinemaApp.Business", "SinemaApp.Business\SinemaApp.Business.csproj", "{A8399947-A9B3-44B6-83C2-C0829C667017}"
EndProject
Project("{FAE04EC0-301F-11D3-BF4B-00C04F79EFBC}") = "SinemaApp.DataAccessLayer", "SinemaApp.DataAccessLayer\SinemaApp.DataAccessLayer.csproj", "{A9357835-1A0A-4AE2-95CA-F34727744B41}"
EndProject
Global
	GlobalSection(SolutionConfigurationPlatforms) = preSolution
		Debug|Any CPU = Debug|Any CPU
		Release|Any CPU = Release|Any CPU
	EndGlobalSection
	GlobalSection(ProjectConfigurationPlatforms) = postSolution
		{4EE5E2FC-F817-488F-BD1A-C133BE84660E}.Debug|Any CPU.ActiveCfg = Debug|Any CPU
		{4EE5E2FC-F817-488F-BD1A-C133BE84660E}.Debug|Any CPU.Build.0 = Debug|Any CPU
		{4EE5E2FC-F817-488F-BD1A-C133BE84660E}.Release|Any CPU.ActiveCfg = Release|Any CPU
		{4EE5E2FC-F817-488F-BD1A-C133BE84660E}.Release|Any CPU.Build.0 = Release|Any CPU
		{7D7DB8FE-2FA3-40DE-BDBE-C2CF8FFCE048}.Debug|Any CPU.ActiveCfg = Debug|Any CPU
		{7D7DB8FE-2FA3-40DE-BDBE-C2CF8FFCE048}.Debug|Any CPU.Build.0 = Debug|Any CPU
		{7D7DB8FE-2FA3-40DE-BDBE-C2CF8FFCE048}.Release|Any CPU.ActiveCfg = Release|Any CPU
		{7D7DB8FE-2FA3-40DE-BDBE-C2CF8FFCE048}.Release|Any CPU.Build.0 = Release|Any CPU
		{0F470669-8A4B-4675-A275-241265D61F84}.Debug|Any CPU.ActiveCfg = Debug|Any CPU
		{0F470669-8A4B-4675-A275-241265D61F84}.Debug|Any CPU.Build.0 = Debug|Any CPU
		{0F470669-8A4B-4675-A275-241265D61F84}.Release|Any CPU.ActiveCfg = Release|Any CPU
		{0F470669-8A4B-4675-A275-241265D61F84}.Release|Any CPU.Build.0 = Release|Any CPU
		{A8399947-A9B3-44B6-83C2-C0829C667017}.Debug|Any CPU.ActiveCfg = Debug|Any CPU
		{A8399947-A9B3-44B6-83C2-C0829C667017}.Debug|Any CPU.Build.0 = Debug|Any CPU
		{A8399947-A9B3-44B6-83C2-C0829C667017}.Release|Any CPU.ActiveCfg = Release|Any CPU
		{A8399947-A9B3-44B6-83C2-C0829C667017}.Release|Any CPU.Build.0 = Release|Any CPU
		{A9357835-1A0A-4AE2-95CA-F34727744B41}.Debug|Any CPU.ActiveCfg = Debug|Any CPU
		{A9357835-1A0A-4AE2-95CA-F34727744B41}.Debug|Any CPU.Build.0 = Debug|Any CPU
		{A9357835-1A0A-4AE2-95CA-F34727744B41}.Release|Any CPU.ActiveCfg = Release|Any CPU
		{A9357835-1A0A-4AE2-95CA-F34727744B41}.Release|Any CPU.Build.0 = Release|Any CPU
	EndGlobalSection
	GlobalSection(SolutionProperties) = preSolution
		HideSolutionNode = FALSE
	EndGlobalSection
	GlobalSection(ExtensibilityGlobals) = postSolution
		SolutionGuid = {18EBA6C6-B90F-4AF8-81B3-C0749C423A81}
	EndGlobalSection
EndGlobal
